// !$*UTF8*$!
{
	archiveVersion = 1;
	classes = {
	};
	objectVersion = 46;
	objects = {

/* Begin PBXBuildFile section */
		04220B9A1E9621B10079D997 /* AppDelegate.swift in Sources */ = {isa = PBXBuildFile; fileRef = 04220B991E9621B10079D997 /* AppDelegate.swift */; };
		04220B9C1E9621B10079D997 /* ViewController.swift in Sources */ = {isa = PBXBuildFile; fileRef = 04220B9B1E9621B10079D997 /* ViewController.swift */; };
		04220B9F1E9621B10079D997 /* Main.storyboard in Resources */ = {isa = PBXBuildFile; fileRef = 04220B9D1E9621B10079D997 /* Main.storyboard */; };
		04220BA11E9621B10079D997 /* Assets.xcassets in Resources */ = {isa = PBXBuildFile; fileRef = 04220BA01E9621B10079D997 /* Assets.xcassets */; };
		04220BA41E9621B10079D997 /* LaunchScreen.storyboard in Resources */ = {isa = PBXBuildFile; fileRef = 04220BA21E9621B10079D997 /* LaunchScreen.storyboard */; };
/* End PBXBuildFile section */

/* Begin PBXFileReference section */
		04220B961E9621B10079D997 /* 彩灯.app */ = {isa = PBXFileReference; explicitFileType = wrapper.application; includeInIndex = 0; path = "彩灯.app"; sourceTree = BUILT_PRODUCTS_DIR; };
		04220B991E9621B10079D997 /* AppDelegate.swift */ = {isa = PBXFileReference; lastKnownFileType = sourcecode.swift; path = AppDelegate.swift; sourceTree = "<group>"; };
		04220B9B1E9621B10079D997 /* ViewController.swift */ = {isa = PBXFileReference; lastKnownFileType = sourcecode.swift; path = ViewController.swift; sourceTree = "<group>"; };
		04220B9E1E9621B10079D997 /* Base */ = {isa = PBXFileReference; lastKnownFileType = file.storyboard; name = Base; path = Base.lproj/Main.storyboard; sourceTree = "<group>"; };
		04220BA01E9621B10079D997 /* Assets.xcassets */ = {isa = PBXFileReference; lastKnownFileType = folder.assetcatalog; path = Assets.xcassets; sourceTree = "<group>"; };
		04220BA31E9621B10079D997 /* Base */ = {isa = PBXFileReference; lastKnownFileType = file.storyboard; name = Base; path = Base.lproj/LaunchScreen.storyboard; sourceTree = "<group>"; };
		04220BA51E9621B10079D997 /* Info.plist */ = {isa = PBXFileReference; lastKnownFileType = text.plist.xml; path = Info.plist; sourceTree = "<group>"; };
/* End PBXFileReference section */

/* Begin PBXFrameworksBuildPhase section */
		04220B931E9621B10079D997 /* Frameworks */ = {
			isa = PBXFrameworksBuildPhase;
			buildActionMask = 2147483647;
			files = (
			);
			runOnlyForDeploymentPostprocessing = 0;
		};
/* End PBXFrameworksBuildPhase section */

/* Begin PBXGroup section */
		04220B8D1E9621B10079D997 = {
			isa = PBXGroup;
			children = (
				04220B981E9621B10079D997 /* 彩灯 */,
				04220B971E9621B10079D997 /* Products */,
			);
			sourceTree = "<group>";
		};
		04220B971E9621B10079D997 /* Products */ = {
			isa = PBXGroup;
			children = (
				04220B961E9621B10079D997 /* 彩灯.app */,
			);
			name = Products;
			sourceTree = "<group>";
		};
		04220B981E9621B10079D997 /* 彩灯 */ = {
			isa = PBXGroup;
			children = (
				04220B991E9621B10079D997 /* AppDelegate.swift */,
				04220B9B1E9621B10079D997 /* ViewController.swift */,
				04220B9D1E9621B10079D997 /* Main.storyboard */,
				04220BA01E9621B10079D997 /* Assets.xcassets */,
				04220BA21E9621B10079D997 /* LaunchScreen.storyboard */,
				04220BA51E9621B10079D997 /* Info.plist */,
			);
			path = "彩灯";
			sourceTree = "<group>";
		};
/* End PBXGroup section */

/* Begin PBXNativeTarget section */
		04220B951E9621B10079D997 /* 彩灯 */ = {
			isa = PBXNativeTarget;
			buildConfigurationList = 04220BA81E9621B10079D997 /* Build configuration list for PBXNativeTarget "彩灯" */;
			buildPhases = (
				04220B921E9621B10079D997 /* Sources */,
				04220B931E9621B10079D997 /* Frameworks */,
				04220B941E9621B10079D997 /* Resources */,
			);
			buildRules = (
			);
			dependencies = (
			);
			name = "彩灯";
			productName = "彩灯";
			productReference = 04220B961E9621B10079D997 /* 彩灯.app */;
			productType = "com.apple.product-type.application";
		};
/* End PBXNativeTarget section */

/* Begin PBXProject section */
		04220B8E1E9621B10079D997 /* Project object */ = {
			isa = PBXProject;
			attributes = {
				LastSwiftUpdateCheck = 0830;
				LastUpgradeCheck = 0830;
				ORGANIZATIONNAME = macZh;
				TargetAttributes = {
					04220B951E9621B10079D997 = {
						CreatedOnToolsVersion = 8.3;
						ProvisioningStyle = Automatic;
					};
				};
			};
			buildConfigurationList = 04220B911E9621B10079D997 /* Build configuration list for PBXProject "彩灯" */;
			compatibilityVersion = "Xcode 3.2";
			developmentRegion = English;
			hasScannedForEncodings = 0;
			knownRegions = (
				en,
				Base,
			);
			mainGroup = 04220B8D1E9621B10079D997;
			productRefGroup = 04220B971E9621B10079D997 /* Products */;
			projectDirPath = "";
			projectRoot = "";
			targets = (
				04220B951E9621B10079D997 /* 彩灯 */,
			);
		};
/* End PBXProject section */

/* Begin PBXResourcesBuildPhase section */
		04220B941E9621B10079D997 /* Resources */ = {
			isa = PBXResourcesBuildPhase;
			buildActionMask = 2147483647;
			files = (
				04220BA41E9621B10079D997 /* LaunchScreen.storyboard in Resources */,
				04220BA11E9621B10079D997 /* Assets.xcassets in Resources */,
				04220B9F1E9621B10079D997 /* Main.storyboard in Resources */,
			);
			runOnlyForDeploymentPostprocessing = 0;
		};
/* End PBXResourcesBuildPhase section */

/* Begin PBXSourcesBuildPhase section */
		04220B921E9621B10079D997 /* Sources */ = {
			isa = PBXSourcesBuildPhase;
			buildActionMask = 2147483647;
			files = (
				04220B9C1E9621B10079D997 /* ViewController.swift in Sources */,
				04220B9A1E9621B10079D997 /* AppDelegate.swift in Sources */,
			);
			runOnlyForDeploymentPostprocessing = 0;
		};
/* End PBXSourcesBuildPhase section */

/* Begin PBXVariantGroup section */
		04220B9D1E9621B10079D997 /* Main.storyboard */ = {
			isa = PBXVariantGroup;
			children = (
				04220B9E1E9621B10079D997 /* Base */,
			);
			name = Main.storyboard;
			sourceTree = "<group>";
		};
		04220BA21E9621B10079D997 /* LaunchScreen.storyboard */ = {
			isa = PBXVariantGroup;
			children = (
				04220BA31E9621B10079D997 /* Base */,
			);
			name = LaunchScreen.storyboard;
			sourceTree = "<group>";
		};
/* End PBXVariantGroup section */

/* Begin XCBuildConfiguration section */
		04220BA61E9621B10079D997 /* Debug */ = {
			isa = XCBuildConfiguration;
			buildSettings = {
				ALWAYS_SEARCH_USER_PATHS = NO;
				CLANG_ANALYZER_NONNULL = YES;
				CLANG_ANALYZER_NUMBER_OBJECT_CONVERSION = YES_AGGRESSIVE;
				CLANG_CXX_LANGUAGE_STANDARD = "gnu++0x";
				CLANG_CXX_LIBRARY = "libc++";
				CLANG_ENABLE_MODULES = YES;
				CLANG_ENABLE_OBJC_ARC = YES;
				CLANG_WARN_BOOL_CONVERSION = YES;
				CLANG_WARN_CONSTANT_CONVERSION = YES;
				CLANG_WARN_DIRECT_OBJC_ISA_USAGE = YES_ERROR;
				CLANG_WARN_DOCUMENTATION_COMMENTS = YES;
				CLANG_WARN_EMPTY_BODY = YES;
				CLANG_WARN_ENUM_CONVERSION = YES;
				CLANG_WARN_INFINITE_RECURSION = YES;
				CLANG_WARN_INT_CONVERSION = YES;
				CLANG_WARN_OBJC_ROOT_CLASS = YES_ERROR;
				CLANG_WARN_SUSPICIOUS_MOVE = YES;
				CLANG_WARN_UNREACHABLE_CODE = YES;
				CLANG_WARN__DUPLICATE_METHOD_MATCH = YES;
				"CODE_SIGN_IDENTITY[sdk=iphoneos*]" = "iPhone Developer";
				COPY_PHASE_STRIP = NO;
				DEBUG_INFORMATION_FORMAT = dwarf;
				ENABLE_STRICT_OBJC_MSGSEND = YES;
				ENABLE_TESTABILITY = YES;
				GCC_C_LANGUAGE_STANDARD = gnu99;
				GCC_DYNAMIC_NO_PIC = NO;
				GCC_NO_COMMON_BLOCKS = YES;
				GCC_OPTIMIZATION_LEVEL = 0;
				GCC_PREPROCESSOR_DEFINITIONS = (
					"DEBUG=1",
					"$(inherited)",
				);
				GCC_WARN_64_TO_32_BIT_CONVERSION = YES;
				GCC_WARN_ABOUT_RETURN_TYPE = YES_ERROR;
				GCC_WARN_UNDECLARED_SELECTOR = YES;
				GCC_WARN_UNINITIALIZED_AUTOS = YES_AGGRESSIVE;
				GCC_WARN_UNUSED_FUNCTION = YES;
				GCC_WARN_UNUSED_VARIABLE = YES;
				IPHONEOS_DEPLOYMENT_TARGET = 10.3;
				MTL_ENABLE_DEBUG_INFO = YES;
				ONLY_ACTIVE_ARCH = YES;
				SDKROOT = iphoneos;
				SWIFT_ACTIVE_COMPILATION_CONDITIONS = DEBUG;
				SWIFT_OPTIMIZATION_LEVEL = "-Onone";
			};
			name = Debug;
		};
		04220BA71E9621B10079D997 /* Release */ = {
			isa = XCBuildConfiguration;
			buildSettings = {
				ALWAYS_SEARCH_USER_PATHS = NO;
				CLANG_ANALYZER_NONNULL = YES;
				CLANG_ANALYZER_NUMBER_OBJECT_CONVERSION = YES_AGGRESSIVE;
				CLANG_CXX_LANGUAGE_STANDARD = "gnu++0x";
				CLANG_CXX_LIBRARY = "libc++";
				CLANG_ENABLE_MODULES = YES;
				CLANG_ENABLE_OBJC_ARC = YES;
				CLANG_WARN_BOOL_CONVERSION = YES;
				CLANG_WARN_CONSTANT_CONVERSION = YES;
				CLANG_WARN_DIRECT_OBJC_ISA_USAGE = YES_ERROR;
				CLANG_WARN_DOCUMENTATION_COMMENTS = YES;
				CLANG_WARN_EMPTY_BODY = YES;
				CLANG_WARN_ENUM_CONVERSION = YES;
				CLANG_WARN_INFINITE_RECURSION = YES;
				CLANG_WARN_INT_CONVERSION = YES;
				CLANG_WARN_OBJC_ROOT_CLASS = YES_ERROR;
				CLANG_WARN_SUSPICIOUS_MOVE = YES;
				CLANG_WARN_UNREACHABLE_CODE = YES;
				CLANG_WARN__DUPLICATE_METHOD_MATCH = YES;
				"CODE_SIGN_IDENTITY[sdk=iphoneos*]" = "iPhone Developer";
				COPY_PHASE_STRIP = NO;
				DEBUG_INFORMATION_FORMAT = "dwarf-with-dsym";
				ENABLE_NS_ASSERTIONS = NO;
				ENABLE_STRICT_OBJC_MSGSEND = YES;
				GCC_C_LANGUAGE_STANDARD = gnu99;
				GCC_NO_COMMON_BLOCKS = YES;
				GCC_WARN_64_TO_32_BIT_CONVERSION = YES;
				GCC_WARN_ABOUT_RETURN_TYPE = YES_ERROR;
				GCC_WARN_UNDECLARED_SELECTOR = YES;
				GCC_WARN_UNINITIALIZED_AUTOS = YES_AGGRESSIVE;
				GCC_WARN_UNUSED_FUNCTION = YES;
				GCC_WARN_UNUSED_VARIABLE = YES;
				IPHONEOS_DEPLOYMENT_TARGET = 10.3;
				MTL_ENABLE_DEBUG_INFO = NO;
				SDKROOT = iphoneos;
				SWIFT_OPTIMIZATION_LEVEL = "-Owholemodule";
				VALIDATE_PRODUCT = YES;
			};
			name = Release;
		};
		04220BA91E9621B10079D997 /* Debug */ = {
			isa = XCBuildConfiguration;
			buildSettings = {
				ASSETCATALOG_COMPILER_APPICON_NAME = AppIcon;
				INFOPLIST_FILE = "彩灯/Info.plist";
				LD_RUNPATH_SEARCH_PATHS = "$(inherited) @executable_path/Frameworks";
				PRODUCT_BUNDLE_IDENTIFIER = "Zz.--";
				PRODUCT_NAME = "$(TARGET_NAME)";
				SWIFT_VERSION = 3.0;
			};
			name = Debug;
		};
		04220BAA1E9621B10079D997 /* Release */ = {
			isa = XCBuildConfiguration;
			buildSettings = {
				ASSETCATALOG_COMPILER_APPICON_NAME = AppIcon;
				INFOPLIST_FILE = "彩灯/Info.plist";
				LD_RUNPATH_SEARCH_PATHS = "$(inherited) @executable_path/Frameworks";
				PRODUCT_BUNDLE_IDENTIFIER = "Zz.--";
				PRODUCT_NAME = "$(TARGET_NAME)";
				SWIFT_VERSION = 3.0;
			};
			name = Release;
		};
/* End XCBuildConfiguration section */

/* Begin XCConfigurationList section */
		04220B911E9621B10079D997 /* Build configuration list for PBXProject "彩灯" */ = {
			isa = XCConfigurationList;
			buildConfigurations = (
				04220BA61E9621B10079D997 /* Debug */,
				04220BA71E9621B10079D997 /* Release */,
			);
			defaultConfigurationIsVisible = 0;
			defaultConfigurationName = Release;
		};
		04220BA81E9621B10079D997 /* Build configuration list for PBXNativeTarget "彩灯" */ = {
			isa = XCConfigurationList;
			buildConfigurations = (
				04220BA91E9621B10079D997 /* Debug */,
				04220BAA1E9621B10079D997 /* Release */,
			);
			defaultConfigurationIsVisible = 0;
		};
/* End XCConfigurationList section */
	};
	rootObject = 04220B8E1E9621B10079D997 /* Project object */;
}
